# This file is automatically @generated by Cargo.
# It is not intended for manual editing.
[[package]]
name = "bitintr"
version = "0.2.0"
source = "registry+https://github.com/rust-lang/crates.io-index"
checksum = "f80c754495ef07b4554134bbfb23fc1e31a775113b49acccbe35076d57cba145"

[[package]]
name = "either"
version = "1.6.1"
source = "registry+https://github.com/rust-lang/crates.io-index"
checksum = "e78d4f1cc4ae33bbfc157ed5d5a5ef3bc29227303d595861deb238fcec4e9457"

[[package]]
name = "itertools"
version = "0.8.2"
source = "registry+https://github.com/rust-lang/crates.io-index"
checksum = "f56a2d0bc861f9165be4eb3442afd3c236d8a98afd426f65d92324ae1091a484"
dependencies = [
 "either",
]

[[package]]
name = "shogi"
version = "0.9.0"
source = "registry+https://github.com/rust-lang/crates.io-index"
checksum = "d79faa782964aeca90e9ccb4ea6fbee004aa6853f0d41b6552d3137e2193ae98"
dependencies = [
 "bitintr",
 "itertools",
]

[[package]]
name = "tsumeshogi"
version = "0.1.0"
dependencies = [
 "shogi",
]
